// !$*UTF8*$!
{
	archiveVersion = 1;
	classes = {
	};
	objectVersion = 46;
	objects = {

/* Begin PBXBuildFile section */
		71E6DAD90D5268A447A59C72 /* Pods_TableView_Demo.framework in Frameworks */ = {isa = PBXBuildFile; fileRef = F7844C20D2F1682B57219395 /* Pods_TableView_Demo.framework */; };
		7D1B819D1DB4CA9800D95838 /* PostCell.swift in Sources */ = {isa = PBXBuildFile; fileRef = 7D1B819C1DB4CA9800D95838 /* PostCell.swift */; };
		7D416DE51DB0D00900B6FBE0 /* AppDelegate.swift in Sources */ = {isa = PBXBuildFile; fileRef = 7D416DE41DB0D00900B6FBE0 /* AppDelegate.swift */; };
		7D416DEA1DB0D00900B6FBE0 /* Main.storyboard in Resources */ = {isa = PBXBuildFile; fileRef = 7D416DE81DB0D00900B6FBE0 /* Main.storyboard */; };
		7D416DEC1DB0D00900B6FBE0 /* Assets.xcassets in Resources */ = {isa = PBXBuildFile; fileRef = 7D416DEB1DB0D00900B6FBE0 /* Assets.xcassets */; };
		7D416DEF1DB0D00900B6FBE0 /* LaunchScreen.storyboard in Resources */ = {isa = PBXBuildFile; fileRef = 7D416DED1DB0D00900B6FBE0 /* LaunchScreen.storyboard */; };
		7D416DF71DB0D0F000B6FBE0 /* DemoTableViewController.swift in Sources */ = {isa = PBXBuildFile; fileRef = 7D416DF61DB0D0F000B6FBE0 /* DemoTableViewController.swift */; };
		7DCA5D971DB0F4970012EFC7 /* APIService.swift in Sources */ = {isa = PBXBuildFile; fileRef = 7DCA5D961DB0F4960012EFC7 /* APIService.swift */; };
		7DCA5D991DB0F9B00012EFC7 /* Post.swift in Sources */ = {isa = PBXBuildFile; fileRef = 7DCA5D981DB0F9B00012EFC7 /* Post.swift */; };
/* End PBXBuildFile section */

/* Begin PBXFileReference section */
		7D1B819C1DB4CA9800D95838 /* PostCell.swift */ = {isa = PBXFileReference; fileEncoding = 4; lastKnownFileType = sourcecode.swift; path = PostCell.swift; sourceTree = "<group>"; };
		7D416DE11DB0D00900B6FBE0 /* TableView Demo.app */ = {isa = PBXFileReference; explicitFileType = wrapper.application; includeInIndex = 0; path = "TableView Demo.app"; sourceTree = BUILT_PRODUCTS_DIR; };
		7D416DE41DB0D00900B6FBE0 /* AppDelegate.swift */ = {isa = PBXFileReference; lastKnownFileType = sourcecode.swift; path = AppDelegate.swift; sourceTree = "<group>"; };
		7D416DE91DB0D00900B6FBE0 /* Base */ = {isa = PBXFileReference; lastKnownFileType = file.storyboard; name = Base; path = Base.lproj/Main.storyboard; sourceTree = "<group>"; };
		7D416DEB1DB0D00900B6FBE0 /* Assets.xcassets */ = {isa = PBXFileReference; lastKnownFileType = folder.assetcatalog; path = Assets.xcassets; sourceTree = "<group>"; };
		7D416DEE1DB0D00900B6FBE0 /* Base */ = {isa = PBXFileReference; lastKnownFileType = file.storyboard; name = Base; path = Base.lproj/LaunchScreen.storyboard; sourceTree = "<group>"; };
		7D416DF01DB0D00900B6FBE0 /* Info.plist */ = {isa = PBXFileReference; lastKnownFileType = text.plist.xml; path = Info.plist; sourceTree = "<group>"; };
		7D416DF61DB0D0F000B6FBE0 /* DemoTableViewController.swift */ = {isa = PBXFileReference; fileEncoding = 4; lastKnownFileType = sourcecode.swift; path = DemoTableViewController.swift; sourceTree = "<group>"; };
		7DCA5D961DB0F4960012EFC7 /* APIService.swift */ = {isa = PBXFileReference; fileEncoding = 4; lastKnownFileType = sourcecode.swift; path = APIService.swift; sourceTree = "<group>"; };
		7DCA5D981DB0F9B00012EFC7 /* Post.swift */ = {isa = PBXFileReference; fileEncoding = 4; lastKnownFileType = sourcecode.swift; path = Post.swift; sourceTree = "<group>"; };
		BE195365C3EE127AA86EF779 /* Pods-TableView Demo.debug.xcconfig */ = {isa = PBXFileReference; includeInIndex = 1; lastKnownFileType = text.xcconfig; name = "Pods-TableView Demo.debug.xcconfig"; path = "Pods/Target Support Files/Pods-TableView Demo/Pods-TableView Demo.debug.xcconfig"; sourceTree = "<group>"; };
		EA1368CE1BCF8C9FF7422B58 /* Pods-TableView Demo.release.xcconfig */ = {isa = PBXFileReference; includeInIndex = 1; lastKnownFileType = text.xcconfig; name = "Pods-TableView Demo.release.xcconfig"; path = "Pods/Target Support Files/Pods-TableView Demo/Pods-TableView Demo.release.xcconfig"; sourceTree = "<group>"; };
		F7844C20D2F1682B57219395 /* Pods_TableView_Demo.framework */ = {isa = PBXFileReference; explicitFileType = wrapper.framework; includeInIndex = 0; path = Pods_TableView_Demo.framework; sourceTree = BUILT_PRODUCTS_DIR; };
/* End PBXFileReference section */

/* Begin PBXFrameworksBuildPhase section */
		7D416DDE1DB0D00900B6FBE0 /* Frameworks */ = {
			isa = PBXFrameworksBuildPhase;
			buildActionMask = 2147483647;
			files = (
				71E6DAD90D5268A447A59C72 /* Pods_TableView_Demo.framework in Frameworks */,
			);
			runOnlyForDeploymentPostprocessing = 0;
		};
/* End PBXFrameworksBuildPhase section */

/* Begin PBXGroup section */
		7D416DD81DB0D00800B6FBE0 = {
			isa = PBXGroup;
			children = (
				7D416DE31DB0D00900B6FBE0 /* TableView Demo */,
				7D416DE21DB0D00900B6FBE0 /* Products */,
				CF4345A9BE4EDCA3D2547BB8 /* Pods */,
				D2DF7716CCFC9D60637230DB /* Frameworks */,
			);
			sourceTree = "<group>";
		};
		7D416DE21DB0D00900B6FBE0 /* Products */ = {
			isa = PBXGroup;
			children = (
				7D416DE11DB0D00900B6FBE0 /* TableView Demo.app */,
			);
			name = Products;
			sourceTree = "<group>";
		};
		7D416DE31DB0D00900B6FBE0 /* TableView Demo */ = {
			isa = PBXGroup;
			children = (
				7D416DF61DB0D0F000B6FBE0 /* DemoTableViewController.swift */,
				7D1B819C1DB4CA9800D95838 /* PostCell.swift */,
				7DCA5D981DB0F9B00012EFC7 /* Post.swift */,
				7DCA5D961DB0F4960012EFC7 /* APIService.swift */,
				7D416DE81DB0D00900B6FBE0 /* Main.storyboard */,
				7DECB14A1DB4FDFD008A6966 /* Supporting Files */,
			);
			path = "TableView Demo";
			sourceTree = "<group>";
		};
		7DECB14A1DB4FDFD008A6966 /* Supporting Files */ = {
			isa = PBXGroup;
			children = (
				7D416DE41DB0D00900B6FBE0 /* AppDelegate.swift */,
				7D416DEB1DB0D00900B6FBE0 /* Assets.xcassets */,
				7D416DED1DB0D00900B6FBE0 /* LaunchScreen.storyboard */,
				7D416DF01DB0D00900B6FBE0 /* Info.plist */,
			);
			name = "Supporting Files";
			sourceTree = "<group>";
		};
		CF4345A9BE4EDCA3D2547BB8 /* Pods */ = {
			isa = PBXGroup;
			children = (
				BE195365C3EE127AA86EF779 /* Pods-TableView Demo.debug.xcconfig */,
				EA1368CE1BCF8C9FF7422B58 /* Pods-TableView Demo.release.xcconfig */,
			);
			name = Pods;
			sourceTree = "<group>";
		};
		D2DF7716CCFC9D60637230DB /* Frameworks */ = {
			isa = PBXGroup;
			children = (
				F7844C20D2F1682B57219395 /* Pods_TableView_Demo.framework */,
			);
			name = Frameworks;
			sourceTree = "<group>";
		};
/* End PBXGroup section */

/* Begin PBXNativeTarget section */
		7D416DE01DB0D00900B6FBE0 /* TableView Demo */ = {
			isa = PBXNativeTarget;
			buildConfigurationList = 7D416DF31DB0D00900B6FBE0 /* Build configuration list for PBXNativeTarget "TableView Demo" */;
			buildPhases = (
				8E6839A8A1D738E0B577D0FC /* [CP] Check Pods Manifest.lock */,
				7D416DDD1DB0D00900B6FBE0 /* Sources */,
				7D416DDE1DB0D00900B6FBE0 /* Frameworks */,
				7D416DDF1DB0D00900B6FBE0 /* Resources */,
				1074ED293DEB81873ED468D8 /* [CP] Embed Pods Frameworks */,
				8EFF09961C2721F10D598C37 /* [CP] Copy Pods Resources */,
			);
			buildRules = (
			);
			dependencies = (
			);
			name = "TableView Demo";
			productName = "TableView Demo";
			productReference = 7D416DE11DB0D00900B6FBE0 /* TableView Demo.app */;
			productType = "com.apple.product-type.application";
		};
/* End PBXNativeTarget section */

/* Begin PBXProject section */
		7D416DD91DB0D00900B6FBE0 /* Project object */ = {
			isa = PBXProject;
			attributes = {
				LastSwiftUpdateCheck = 0730;
				LastUpgradeCheck = 0730;
				ORGANIZATIONNAME = "Dilpreet Singh";
				TargetAttributes = {
					7D416DE01DB0D00900B6FBE0 = {
						CreatedOnToolsVersion = 7.3.1;
					};
				};
			};
			buildConfigurationList = 7D416DDC1DB0D00900B6FBE0 /* Build configuration list for PBXProject "TableView Demo" */;
			compatibilityVersion = "Xcode 3.2";
			developmentRegion = English;
			hasScannedForEncodings = 0;
			knownRegions = (
				en,
				Base,
			);
			mainGroup = 7D416DD81DB0D00800B6FBE0;
			productRefGroup = 7D416DE21DB0D00900B6FBE0 /* Products */;
			projectDirPath = "";
			projectRoot = "";
			targets = (
				7D416DE01DB0D00900B6FBE0 /* TableView Demo */,
			);
		};
/* End PBXProject section */

/* Begin PBXResourcesBuildPhase section */
		7D416DDF1DB0D00900B6FBE0 /* Resources */ = {
			isa = PBXResourcesBuildPhase;
			buildActionMask = 2147483647;
			files = (
				7D416DEF1DB0D00900B6FBE0 /* LaunchScreen.storyboard in Resources */,
				7D416DEC1DB0D00900B6FBE0 /* Assets.xcassets in Resources */,
				7D416DEA1DB0D00900B6FBE0 /* Main.storyboard in Resources */,
			);
			runOnlyForDeploymentPostprocessing = 0;
		};
/* End PBXResourcesBuildPhase section */

/* Begin PBXShellScriptBuildPhase section */
		1074ED293DEB81873ED468D8 /* [CP] Embed Pods Frameworks */ = {
			isa = PBXShellScriptBuildPhase;
			buildActionMask = 2147483647;
			files = (
			);
			inputPaths = (
			);
			name = "[CP] Embed Pods Frameworks";
			outputPaths = (
			);
			runOnlyForDeploymentPostprocessing = 0;
			shellPath = /bin/sh;
			shellScript = "\"${SRCROOT}/Pods/Target Support Files/Pods-TableView Demo/Pods-TableView Demo-frameworks.sh\"\n";
			showEnvVarsInLog = 0;
		};
		8E6839A8A1D738E0B577D0FC /* [CP] Check Pods Manifest.lock */ = {
			isa = PBXShellScriptBuildPhase;
			buildActionMask = 2147483647;
			files = (
			);
			inputPaths = (
			);
			name = "[CP] Check Pods Manifest.lock";
			outputPaths = (
			);
			runOnlyForDeploymentPostprocessing = 0;
			shellPath = /bin/sh;
			shellScript = "diff \"${PODS_ROOT}/../Podfile.lock\" \"${PODS_ROOT}/Manifest.lock\" > /dev/null\nif [[ $? != 0 ]] ; then\n    cat << EOM\nerror: The sandbox is not in sync with the Podfile.lock. Run 'pod install' or update your CocoaPods installation.\nEOM\n    exit 1\nfi\n";
			showEnvVarsInLog = 0;
		};
		8EFF09961C2721F10D598C37 /* [CP] Copy Pods Resources */ = {
			isa = PBXShellScriptBuildPhase;
			buildActionMask = 2147483647;
			files = (
			);
			inputPaths = (
			);
			name = "[CP] Copy Pods Resources";
			outputPaths = (
			);
			runOnlyForDeploymentPostprocessing = 0;
			shellPath = /bin/sh;
			shellScript = "\"${SRCROOT}/Pods/Target Support Files/Pods-TableView Demo/Pods-TableView Demo-resources.sh\"\n";
			showEnvVarsInLog = 0;
		};
/* End PBXShellScriptBuildPhase section */

/* Begin PBXSourcesBuildPhase section */
		7D416DDD1DB0D00900B6FBE0 /* Sources */ = {
			isa = PBXSourcesBuildPhase;
			buildActionMask = 2147483647;
			files = (
				7D416DF71DB0D0F000B6FBE0 /* DemoTableViewController.swift in Sources */,
				7DCA5D971DB0F4970012EFC7 /* APIService.swift in Sources */,
				7D416DE51DB0D00900B6FBE0 /* AppDelegate.swift in Sources */,
				7DCA5D991DB0F9B00012EFC7 /* Post.swift in Sources */,
				7D1B819D1DB4CA9800D95838 /* PostCell.swift in Sources */,
			);
			runOnlyForDeploymentPostprocessing = 0;
		};
/* End PBXSourcesBuildPhase section */

/* Begin PBXVariantGroup section */
		7D416DE81DB0D00900B6FBE0 /* Main.storyboard */ = {
			isa = PBXVariantGroup;
			children = (
				7D416DE91DB0D00900B6FBE0 /* Base */,
			);
			name = Main.storyboard;
			sourceTree = "<group>";
		};
		7D416DED1DB0D00900B6FBE0 /* LaunchScreen.storyboard */ = {
			isa = PBXVariantGroup;
			children = (
				7D416DEE1DB0D00900B6FBE0 /* Base */,
			);
			name = LaunchScreen.storyboard;
			sourceTree = "<group>";
		};
/* End PBXVariantGroup section */

/* Begin XCBuildConfiguration section */
		7D416DF11DB0D00900B6FBE0 /* Debug */ = {
			isa = XCBuildConfiguration;
			buildSettings = {
				ALWAYS_SEARCH_USER_PATHS = NO;
				CLANG_ANALYZER_NONNULL = YES;
				CLANG_CXX_LANGUAGE_STANDARD = "gnu++0x";
				CLANG_CXX_LIBRARY = "libc++";
				CLANG_ENABLE_MODULES = YES;
				CLANG_ENABLE_OBJC_ARC = YES;
				CLANG_WARN_BOOL_CONVERSION = YES;
				CLANG_WARN_CONSTANT_CONVERSION = YES;
				CLANG_WARN_DIRECT_OBJC_ISA_USAGE = YES_ERROR;
				CLANG_WARN_EMPTY_BODY = YES;
				CLANG_WARN_ENUM_CONVERSION = YES;
				CLANG_WARN_INT_CONVERSION = YES;
				CLANG_WARN_OBJC_ROOT_CLASS = YES_ERROR;
				CLANG_WARN_UNREACHABLE_CODE = YES;
				CLANG_WARN__DUPLICATE_METHOD_MATCH = YES;
				"CODE_SIGN_IDENTITY[sdk=iphoneos*]" = "iPhone Developer";
				COPY_PHASE_STRIP = NO;
				DEBUG_INFORMATION_FORMAT = dwarf;
				ENABLE_STRICT_OBJC_MSGSEND = YES;
				ENABLE_TESTABILITY = YES;
				GCC_C_LANGUAGE_STANDARD = gnu99;
				GCC_DYNAMIC_NO_PIC = NO;
				GCC_NO_COMMON_BLOCKS = YES;
				GCC_OPTIMIZATION_LEVEL = 0;
				GCC_PREPROCESSOR_DEFINITIONS = (
					"DEBUG=1",
					"$(inherited)",
				);
				GCC_WARN_64_TO_32_BIT_CONVERSION = YES;
				GCC_WARN_ABOUT_RETURN_TYPE = YES_ERROR;
				GCC_WARN_UNDECLARED_SELECTOR = YES;
				GCC_WARN_UNINITIALIZED_AUTOS = YES_AGGRESSIVE;
				GCC_WARN_UNUSED_FUNCTION = YES;
				GCC_WARN_UNUSED_VARIABLE = YES;
				IPHONEOS_DEPLOYMENT_TARGET = 9.3;
				MTL_ENABLE_DEBUG_INFO = YES;
				ONLY_ACTIVE_ARCH = YES;
				SDKROOT = iphoneos;
				SWIFT_OPTIMIZATION_LEVEL = "-Onone";
				TARGETED_DEVICE_FAMILY = "1,2";
			};
			name = Debug;
		};
		7D416DF21DB0D00900B6FBE0 /* Release */ = {
			isa = XCBuildConfiguration;
			buildSettings = {
				ALWAYS_SEARCH_USER_PATHS = NO;
				CLANG_ANALYZER_NONNULL = YES;
				CLANG_CXX_LANGUAGE_STANDARD = "gnu++0x";
				CLANG_CXX_LIBRARY = "libc++";
				CLANG_ENABLE_MODULES = YES;
				CLANG_ENABLE_OBJC_ARC = YES;
				CLANG_WARN_BOOL_CONVERSION = YES;
				CLANG_WARN_CONSTANT_CONVERSION = YES;
				CLANG_WARN_DIRECT_OBJC_ISA_USAGE = YES_ERROR;
				CLANG_WARN_EMPTY_BODY = YES;
				CLANG_WARN_ENUM_CONVERSION = YES;
				CLANG_WARN_INT_CONVERSION = YES;
				CLANG_WARN_OBJC_ROOT_CLASS = YES_ERROR;
				CLANG_WARN_UNREACHABLE_CODE = YES;
				CLANG_WARN__DUPLICATE_METHOD_MATCH = YES;
				"CODE_SIGN_IDENTITY[sdk=iphoneos*]" = "iPhone Developer";
				COPY_PHASE_STRIP = NO;
				DEBUG_INFORMATION_FORMAT = "dwarf-with-dsym";
				ENABLE_NS_ASSERTIONS = NO;
				ENABLE_STRICT_OBJC_MSGSEND = YES;
				GCC_C_LANGUAGE_STANDARD = gnu99;
				GCC_NO_COMMON_BLOCKS = YES;
				GCC_WARN_64_TO_32_BIT_CONVERSION = YES;
				GCC_WARN_ABOUT_RETURN_TYPE = YES_ERROR;
				GCC_WARN_UNDECLARED_SELECTOR = YES;
				GCC_WARN_UNINITIALIZED_AUTOS = YES_AGGRESSIVE;
				GCC_WARN_UNUSED_FUNCTION = YES;
				GCC_WARN_UNUSED_VARIABLE = YES;
				IPHONEOS_DEPLOYMENT_TARGET = 9.3;
				MTL_ENABLE_DEBUG_INFO = NO;
				SDKROOT = iphoneos;
				TARGETED_DEVICE_FAMILY = "1,2";
				VALIDATE_PRODUCT = YES;
			};
			name = Release;
		};
		7D416DF41DB0D00900B6FBE0 /* Debug */ = {
			isa = XCBuildConfiguration;
			baseConfigurationReference = BE195365C3EE127AA86EF779 /* Pods-TableView Demo.debug.xcconfig */;
			buildSettings = {
				ASSETCATALOG_COMPILER_APPICON_NAME = AppIcon;
				INFOPLIST_FILE = "TableView Demo/Info.plist";
				LD_RUNPATH_SEARCH_PATHS = "$(inherited) @executable_path/Frameworks";
				PRODUCT_BUNDLE_IDENTIFIER = "HCS.TableView-Demo";
				PRODUCT_NAME = "$(TARGET_NAME)";
			};
			name = Debug;
		};
		7D416DF51DB0D00900B6FBE0 /* Release */ = {
			isa = XCBuildConfiguration;
			baseConfigurationReference = EA1368CE1BCF8C9FF7422B58 /* Pods-TableView Demo.release.xcconfig */;
			buildSettings = {
				ASSETCATALOG_COMPILER_APPICON_NAME = AppIcon;
				INFOPLIST_FILE = "TableView Demo/Info.plist";
				LD_RUNPATH_SEARCH_PATHS = "$(inherited) @executable_path/Frameworks";
				PRODUCT_BUNDLE_IDENTIFIER = "HCS.TableView-Demo";
				PRODUCT_NAME = "$(TARGET_NAME)";
			};
			name = Release;
		};
/* End XCBuildConfiguration section */

/* Begin XCConfigurationList section */
		7D416DDC1DB0D00900B6FBE0 /* Build configuration list for PBXProject "TableView Demo" */ = {
			isa = XCConfigurationList;
			buildConfigurations = (
				7D416DF11DB0D00900B6FBE0 /* Debug */,
				7D416DF21DB0D00900B6FBE0 /* Release */,
			);
			defaultConfigurationIsVisible = 0;
			defaultConfigurationName = Release;
		};
		7D416DF31DB0D00900B6FBE0 /* Build configuration list for PBXNativeTarget "TableView Demo" */ = {
			isa = XCConfigurationList;
			buildConfigurations = (
				7D416DF41DB0D00900B6FBE0 /* Debug */,
				7D416DF51DB0D00900B6FBE0 /* Release */,
			);
			defaultConfigurationIsVisible = 0;
			defaultConfigurationName = Release;
		};
/* End XCConfigurationList section */
	};
	rootObject = 7D416DD91DB0D00900B6FBE0 /* Project object */;
}
